
Microsoft Visual Studio Solution File, Format Version 12.00
# Visual Studio Version 17
VisualStudioVersion = 17.0.32014.148
MinimumVisualStudioVersion = 10.0.40219.1
Project("{9A19103F-16F7-4668-BE54-9A1E7A4F7556}") = "SchwabApiCS", "SchwabApiCS\SchwabApiCS.csproj", "{DAAA77C1-70EE-4E8C-9DA3-3328EA3E8C99}"
EndProject
Project("{9A19103F-16F7-4668-BE54-9A1E7A4F7556}") = "SchwabApiCS_Test", "SchwabApiTest\SchwabApiCS_Test.csproj", "{5450EA5E-CC1A-45B2-81B4-717D1916D6E9}"
EndProject
Global
	GlobalSection(SolutionConfigurationPlatforms) = preSolution
		Debug|Any CPU = Debug|Any CPU
		Release|Any CPU = Release|Any CPU
	EndGlobalSection
	GlobalSection(ProjectConfigurationPlatforms) = postSolution
		{DAAA77C1-70EE-4E8C-9DA3-3328EA3E8C99}.Debug|Any CPU.ActiveCfg = Debug|Any CPU
		{DAAA77C1-70EE-4E8C-9DA3-3328EA3E8C99}.Debug|Any CPU.Build.0 = Debug|Any CPU
		{DAAA77C1-70EE-4E8C-9DA3-3328EA3E8C99}.Release|Any CPU.ActiveCfg = Release|Any CPU
		{DAAA77C1-70EE-4E8C-9DA3-3328EA3E8C99}.Release|Any CPU.Build.0 = Release|Any CPU
		{5450EA5E-CC1A-45B2-81B4-717D1916D6E9}.Debug|Any CPU.ActiveCfg = Debug|Any CPU
		{5450EA5E-CC1A-45B2-81B4-717D1916D6E9}.Debug|Any CPU.Build.0 = Debug|Any CPU
		{5450EA5E-CC1A-45B2-81B4-717D1916D6E9}.Release|Any CPU.ActiveCfg = Release|Any CPU
		{5450EA5E-CC1A-45B2-81B4-717D1916D6E9}.Release|Any CPU.Build.0 = Release|Any CPU
	EndGlobalSection
	GlobalSection(SolutionProperties) = preSolution
		HideSolutionNode = FALSE
	EndGlobalSection
	GlobalSection(ExtensibilityGlobals) = postSolution
		SolutionGuid = {39CD85DB-A84A-47D2-AD11-3BFBABC0299D}
	EndGlobalSection
EndGlobal
